
Microsoft Visual Studio Solution File, Format Version 12.00
# Visual Studio 15
VisualStudioVersion = 15.0.28010.2050
MinimumVisualStudioVersion = 10.0.40219.1
Project("{FAE04EC0-301F-11D3-BF4B-00C04F79EFBC}") = "MiniTC", "MiniTC\MiniTC.csproj", "{69EF13DD-FC24-4C3A-A468-4A1222E1D083}"
EndProject
Global
	GlobalSection(SolutionConfigurationPlatforms) = preSolution
		Debug|Any CPU = Debug|Any CPU
		Release|Any CPU = Release|Any CPU
	EndGlobalSection
	GlobalSection(ProjectConfigurationPlatforms) = postSolution
		{69EF13DD-FC24-4C3A-A468-4A1222E1D083}.Debug|Any CPU.ActiveCfg = Debug|Any CPU
		{69EF13DD-FC24-4C3A-A468-4A1222E1D083}.Debug|Any CPU.Build.0 = Debug|Any CPU
		{69EF13DD-FC24-4C3A-A468-4A1222E1D083}.Release|Any CPU.ActiveCfg = Release|Any CPU
		{69EF13DD-FC24-4C3A-A468-4A1222E1D083}.Release|Any CPU.Build.0 = Release|Any CPU
	EndGlobalSection
	GlobalSection(SolutionProperties) = preSolution
		HideSolutionNode = FALSE
	EndGlobalSection
	GlobalSection(ExtensibilityGlobals) = postSolution
		SolutionGuid = {11E071D8-725F-42C3-870A-BDE9B5B37FA6}
	EndGlobalSection
EndGlobal
